
Microsoft Visual Studio Solution File, Format Version 12.00
Project("{FAE04EC0-301F-11D3-BF4B-00C04F79EFBC}") = "Zad11", "Zad11\Zad11.csproj", "{C0C80511-4473-44DD-BE10-E394A4B88F7B}"
EndProject
Global
	GlobalSection(SolutionConfigurationPlatforms) = preSolution
		Debug|Any CPU = Debug|Any CPU
		Release|Any CPU = Release|Any CPU
	EndGlobalSection
	GlobalSection(ProjectConfigurationPlatforms) = postSolution
		{C0C80511-4473-44DD-BE10-E394A4B88F7B}.Debug|Any CPU.ActiveCfg = Debug|Any CPU
		{C0C80511-4473-44DD-BE10-E394A4B88F7B}.Debug|Any CPU.Build.0 = Debug|Any CPU
		{C0C80511-4473-44DD-BE10-E394A4B88F7B}.Release|Any CPU.ActiveCfg = Release|Any CPU
		{C0C80511-4473-44DD-BE10-E394A4B88F7B}.Release|Any CPU.Build.0 = Release|Any CPU
	EndGlobalSection
EndGlobal
